{
  "version": 4,
  "terraform_version": "0.12.26",
  "serial": 325,
  "lineage": "22f5bb72-0dbd-47ac-fa68-533cc1a89441",
  "outputs": {
    "External_Load_Balancer_Public_IP_Address": {
      "value": "20.53.81.197",
      "type": "string"
    }
  },
  "resources": [
    {
      "mode": "managed",
      "type": "azurerm_availability_set",
      "name": "avset",
      "provider": "provider.azurerm",
      "instances": [
        {
          "schema_version": 0,
          "attributes": {
            "id": "/subscriptions/3531d89f-0690-48b5-914e-484cc056f721/resourceGroups/tf-rg-gw-web/providers/Microsoft.Compute/availabilitySets/Webserveravset",
            "location": "australiaeast",
            "managed": true,
            "name": "Webserveravset",
            "platform_fault_domain_count": 2,
            "platform_update_domain_count": 2,
            "proximity_placement_group_id": null,
            "resource_group_name": "tf-rg-gw-web",
            "tags": {}
          },
          "private": "bnVsbA==",
          "dependencies": [
            "azurerm_resource_group.rg"
          ]
        }
      ]
    },
    {
      "mode": "managed",
      "type": "azurerm_lb",
      "name": "WebServerilb",
      "provider": "provider.azurerm",
      "instances": [
        {
          "schema_version": 0,
          "attributes": {
            "frontend_ip_configuration": [
              {
                "id": "/subscriptions/3531d89f-0690-48b5-914e-484cc056f721/resourceGroups/tf-rg-gw-web/providers/Microsoft.Network/loadBalancers/WebServerilb/frontendIPConfigurations/WebServerLBipconfig",
                "inbound_nat_rules": [],
                "load_balancer_rules": [],
                "name": "WebServerLBipconfig",
                "outbound_rules": [],
                "private_ip_address": "10.99.1.11",
                "private_ip_address_allocation": "Static",
                "public_ip_address_id": "",
                "public_ip_prefix_id": "",
                "subnet_id": "/subscriptions/3531d89f-0690-48b5-914e-484cc056f721/resourceGroups/tf-rg-gw-web/providers/Microsoft.Network/virtualNetworks/Labvnet/subnets/Internal",
                "zones": null
              }
            ],
            "id": "/subscriptions/3531d89f-0690-48b5-914e-484cc056f721/resourceGroups/tf-rg-gw-web/providers/Microsoft.Network/loadBalancers/WebServerilb",
            "location": "australiaeast",
            "name": "WebServerilb",
            "private_ip_address": "10.99.1.11",
            "private_ip_addresses": [
              "10.99.1.11"
            ],
            "resource_group_name": "tf-rg-gw-web",
            "sku": "Standard",
            "tags": {}
          },
          "private": "bnVsbA==",
          "dependencies": [
            "azurerm_resource_group.rg",
            "azurerm_subnet.Internal_subnet",
            "azurerm_virtual_network.vnet"
          ]
        }
      ]
    },
    {
      "mode": "managed",
      "type": "azurerm_lb",
      "name": "externallb",
      "provider": "provider.azurerm",
      "instances": [
        {
          "schema_version": 0,
          "attributes": {
            "frontend_ip_configuration": [
              {
                "id": "/subscriptions/3531d89f-0690-48b5-914e-484cc056f721/resourceGroups/tf-rg-gw-web/providers/Microsoft.Network/loadBalancers/externallb/frontendIPConfigurations/ExternallbPublicIPAddress",
                "inbound_nat_rules": [],
                "load_balancer_rules": [],
                "name": "ExternallbPublicIPAddress",
                "outbound_rules": [],
                "private_ip_address": "",
                "private_ip_address_allocation": "Dynamic",
                "public_ip_address_id": "/subscriptions/3531d89f-0690-48b5-914e-484cc056f721/resourceGroups/tf-rg-gw-web/providers/Microsoft.Network/publicIPAddresses/albvip1",
                "public_ip_prefix_id": "",
                "subnet_id": "",
                "zones": null
              }
            ],
            "id": "/subscriptions/3531d89f-0690-48b5-914e-484cc056f721/resourceGroups/tf-rg-gw-web/providers/Microsoft.Network/loadBalancers/externallb",
            "location": "australiaeast",
            "name": "externallb",
            "private_ip_address": "",
            "private_ip_addresses": [],
            "resource_group_name": "tf-rg-gw-web",
            "sku": "Standard",
            "tags": {}
          },
          "private": "bnVsbA==",
          "dependencies": [
            "azurerm_public_ip.albvip1",
            "azurerm_resource_group.rg"
          ]
        }
      ]
    },
    {
      "mode": "managed",
      "type": "azurerm_lb",
      "name": "internallb",
      "provider": "provider.azurerm",
      "instances": [
        {
          "schema_version": 0,
          "attributes": {
            "frontend_ip_configuration": [
              {
                "id": "/subscriptions/3531d89f-0690-48b5-914e-484cc056f721/resourceGroups/tf-rg-gw-web/providers/Microsoft.Network/loadBalancers/internallb/frontendIPConfigurations/InternalLBipconfig",
                "inbound_nat_rules": [],
                "load_balancer_rules": [],
                "name": "InternalLBipconfig",
                "outbound_rules": [],
                "private_ip_address": "10.99.1.10",
                "private_ip_address_allocation": "Static",
                "public_ip_address_id": "",
                "public_ip_prefix_id": "",
                "subnet_id": "/subscriptions/3531d89f-0690-48b5-914e-484cc056f721/resourceGroups/tf-rg-gw-web/providers/Microsoft.Network/virtualNetworks/Labvnet/subnets/Internal",
                "zones": null
              }
            ],
            "id": "/subscriptions/3531d89f-0690-48b5-914e-484cc056f721/resourceGroups/tf-rg-gw-web/providers/Microsoft.Network/loadBalancers/internallb",
            "location": "australiaeast",
            "name": "internallb",
            "private_ip_address": "10.99.1.10",
            "private_ip_addresses": [
              "10.99.1.10"
            ],
            "resource_group_name": "tf-rg-gw-web",
            "sku": "Standard",
            "tags": {}
          },
          "private": "bnVsbA==",
          "dependencies": [
            "azurerm_resource_group.rg",
            "azurerm_subnet.Internal_subnet",
            "azurerm_virtual_network.vnet"
          ]
        }
      ]
    },
    {
      "mode": "managed",
      "type": "azurerm_lb_backend_address_pool",
      "name": "bpepool",
      "provider": "provider.azurerm",
      "instances": [
        {
          "schema_version": 0,
          "attributes": {
            "backend_ip_configurations": [],
            "id": "/subscriptions/3531d89f-0690-48b5-914e-484cc056f721/resourceGroups/tf-rg-gw-web/providers/Microsoft.Network/loadBalancers/externallb/backendAddressPools/BackEndAddressPool",
            "load_balancing_rules": [],
            "loadbalancer_id": "/subscriptions/3531d89f-0690-48b5-914e-484cc056f721/resourceGroups/tf-rg-gw-web/providers/Microsoft.Network/loadBalancers/externallb",
            "location": null,
            "name": "BackEndAddressPool",
            "resource_group_name": "tf-rg-gw-web"
          },
          "private": "bnVsbA==",
          "dependencies": [
            "azurerm_lb.externallb",
            "azurerm_public_ip.albvip1",
            "azurerm_resource_group.rg"
          ]
        }
      ]
    },
    {
      "mode": "managed",
      "type": "azurerm_lb_backend_address_pool",
      "name": "bpepoolinternal",
      "provider": "provider.azurerm",
      "instances": [
        {
          "schema_version": 0,
          "attributes": {
            "backend_ip_configurations": [],
            "id": "/subscriptions/3531d89f-0690-48b5-914e-484cc056f721/resourceGroups/tf-rg-gw-web/providers/Microsoft.Network/loadBalancers/internallb/backendAddressPools/BackEndAddressPoolinternal",
            "load_balancing_rules": [],
            "loadbalancer_id": "/subscriptions/3531d89f-0690-48b5-914e-484cc056f721/resourceGroups/tf-rg-gw-web/providers/Microsoft.Network/loadBalancers/internallb",
            "location": null,
            "name": "BackEndAddressPoolinternal",
            "resource_group_name": "tf-rg-gw-web"
          },
          "private": "bnVsbA==",
          "dependencies": [
            "azurerm_lb.internallb",
            "azurerm_resource_group.rg",
            "azurerm_subnet.Internal_subnet",
            "azurerm_virtual_network.vnet"
          ]
        }
      ]
    },
    {
      "mode": "managed",
      "type": "azurerm_lb_backend_address_pool",
      "name": "bpepoolwebserver",
      "provider": "provider.azurerm",
      "instances": [
        {
          "schema_version": 0,
          "attributes": {
            "backend_ip_configurations": [],
            "id": "/subscriptions/3531d89f-0690-48b5-914e-484cc056f721/resourceGroups/tf-rg-gw-web/providers/Microsoft.Network/loadBalancers/WebServerilb/backendAddressPools/BackEndAddressPoolWebservers",
            "load_balancing_rules": [],
            "loadbalancer_id": "/subscriptions/3531d89f-0690-48b5-914e-484cc056f721/resourceGroups/tf-rg-gw-web/providers/Microsoft.Network/loadBalancers/WebServerilb",
            "location": null,
            "name": "BackEndAddressPoolWebservers",
            "resource_group_name": "tf-rg-gw-web"
          },
          "private": "bnVsbA==",
          "dependencies": [
            "azurerm_lb.WebServerilb",
            "azurerm_resource_group.rg",
            "azurerm_subnet.Internal_subnet",
            "azurerm_virtual_network.vnet"
          ]
        }
      ]
    },
    {
      "mode": "managed",
      "type": "azurerm_lb_probe",
      "name": "WebServerprobei",
      "provider": "provider.azurerm",
      "instances": [
        {
          "schema_version": 0,
          "attributes": {
            "id": "/subscriptions/3531d89f-0690-48b5-914e-484cc056f721/resourceGroups/tf-rg-gw-web/providers/Microsoft.Network/loadBalancers/WebServerilb/probes/http",
            "interval_in_seconds": 15,
            "load_balancer_rules": [],
            "loadbalancer_id": "/subscriptions/3531d89f-0690-48b5-914e-484cc056f721/resourceGroups/tf-rg-gw-web/providers/Microsoft.Network/loadBalancers/WebServerilb",
            "location": null,
            "name": "http",
            "number_of_probes": 2,
            "port": 80,
            "protocol": "Tcp",
            "request_path": "",
            "resource_group_name": "tf-rg-gw-web"
          },
          "private": "bnVsbA==",
          "dependencies": [
            "azurerm_lb.WebServerilb",
            "azurerm_resource_group.rg",
            "azurerm_subnet.Internal_subnet",
            "azurerm_virtual_network.vnet"
          ]
        }
      ]
    },
    {
      "mode": "managed",
      "type": "azurerm_lb_probe",
      "name": "chkpprobe",
      "provider": "provider.azurerm",
      "instances": [
        {
          "schema_version": 0,
          "attributes": {
            "id": "/subscriptions/3531d89f-0690-48b5-914e-484cc056f721/resourceGroups/tf-rg-gw-web/providers/Microsoft.Network/loadBalancers/externallb/probes/chkp-probe",
            "interval_in_seconds": 15,
            "load_balancer_rules": [],
            "loadbalancer_id": "/subscriptions/3531d89f-0690-48b5-914e-484cc056f721/resourceGroups/tf-rg-gw-web/providers/Microsoft.Network/loadBalancers/externallb",
            "location": null,
            "name": "chkp-probe",
            "number_of_probes": 2,
            "port": 8117,
            "protocol": "Tcp",
            "request_path": "",
            "resource_group_name": "tf-rg-gw-web"
          },
          "private": "bnVsbA==",
          "dependencies": [
            "azurerm_lb.externallb",
            "azurerm_public_ip.albvip1",
            "azurerm_resource_group.rg"
          ]
        }
      ]
    },
    {
      "mode": "managed",
      "type": "azurerm_lb_probe",
      "name": "chkpprobei",
      "provider": "provider.azurerm",
      "instances": [
        {
          "schema_version": 0,
          "attributes": {
            "id": "/subscriptions/3531d89f-0690-48b5-914e-484cc056f721/resourceGroups/tf-rg-gw-web/providers/Microsoft.Network/loadBalancers/internallb/probes/chkp-probe-internal",
            "interval_in_seconds": 15,
            "load_balancer_rules": [],
            "loadbalancer_id": "/subscriptions/3531d89f-0690-48b5-914e-484cc056f721/resourceGroups/tf-rg-gw-web/providers/Microsoft.Network/loadBalancers/internallb",
            "location": null,
            "name": "chkp-probe-internal",
            "number_of_probes": 2,
            "port": 8117,
            "protocol": "Tcp",
            "request_path": "",
            "resource_group_name": "tf-rg-gw-web"
          },
          "private": "bnVsbA==",
          "dependencies": [
            "azurerm_lb.internallb",
            "azurerm_resource_group.rg",
            "azurerm_subnet.Internal_subnet",
            "azurerm_virtual_network.vnet"
          ]
        }
      ]
    },
    {
      "mode": "managed",
      "type": "azurerm_lb_rule",
      "name": "WebServerlbrule",
      "provider": "provider.azurerm",
      "instances": [
        {
          "schema_version": 0,
          "attributes": {
            "backend_address_pool_id": "/subscriptions/3531d89f-0690-48b5-914e-484cc056f721/resourceGroups/tf-rg-gw-web/providers/Microsoft.Network/loadBalancers/WebServerilb/backendAddressPools/BackEndAddressPoolWebservers",
            "backend_port": 80,
            "disable_outbound_snat": false,
            "enable_floating_ip": false,
            "enable_tcp_reset": false,
            "frontend_ip_configuration_id": "/subscriptions/3531d89f-0690-48b5-914e-484cc056f721/resourceGroups/tf-rg-gw-web/providers/Microsoft.Network/loadBalancers/WebServerilb/frontendIPConfigurations/WebServerLBipconfig",
            "frontend_ip_configuration_name": "WebServerLBipconfig",
            "frontend_port": 80,
            "id": "/subscriptions/3531d89f-0690-48b5-914e-484cc056f721/resourceGroups/tf-rg-gw-web/providers/Microsoft.Network/loadBalancers/WebServerilb/loadBalancingRules/WebServerlbName",
            "idle_timeout_in_minutes": 4,
            "load_distribution": "Default",
            "loadbalancer_id": "/subscriptions/3531d89f-0690-48b5-914e-484cc056f721/resourceGroups/tf-rg-gw-web/providers/Microsoft.Network/loadBalancers/WebServerilb",
            "location": null,
            "name": "WebServerlbName",
            "probe_id": "/subscriptions/3531d89f-0690-48b5-914e-484cc056f721/resourceGroups/tf-rg-gw-web/providers/Microsoft.Network/loadBalancers/WebServerilb/probes/http",
            "protocol": "Tcp",
            "resource_group_name": "tf-rg-gw-web"
          },
          "private": "bnVsbA==",
          "dependencies": [
            "azurerm_lb.WebServerilb",
            "azurerm_lb_backend_address_pool.bpepoolwebserver",
            "azurerm_lb_probe.WebServerprobei",
            "azurerm_resource_group.rg",
            "azurerm_subnet.Internal_subnet",
            "azurerm_virtual_network.vnet"
          ]
        }
      ]
    },
    {
      "mode": "managed",
      "type": "azurerm_lb_rule",
      "name": "externallbrule",
      "provider": "provider.azurerm",
      "instances": [
        {
          "schema_version": 0,
          "attributes": {
            "backend_address_pool_id": "/subscriptions/3531d89f-0690-48b5-914e-484cc056f721/resourceGroups/tf-rg-gw-web/providers/Microsoft.Network/loadBalancers/externallb/backendAddressPools/BackEndAddressPool",
            "backend_port": 8090,
            "disable_outbound_snat": false,
            "enable_floating_ip": false,
            "enable_tcp_reset": false,
            "frontend_ip_configuration_id": "/subscriptions/3531d89f-0690-48b5-914e-484cc056f721/resourceGroups/tf-rg-gw-web/providers/Microsoft.Network/loadBalancers/externallb/frontendIPConfigurations/ExternallbPublicIPAddress",
            "frontend_ip_configuration_name": "ExternallbPublicIPAddress",
            "frontend_port": 80,
            "id": "/subscriptions/3531d89f-0690-48b5-914e-484cc056f721/resourceGroups/tf-rg-gw-web/providers/Microsoft.Network/loadBalancers/externallb/loadBalancingRules/xlbName",
            "idle_timeout_in_minutes": 4,
            "load_distribution": "Default",
            "loadbalancer_id": "/subscriptions/3531d89f-0690-48b5-914e-484cc056f721/resourceGroups/tf-rg-gw-web/providers/Microsoft.Network/loadBalancers/externallb",
            "location": null,
            "name": "xlbName",
            "probe_id": "/subscriptions/3531d89f-0690-48b5-914e-484cc056f721/resourceGroups/tf-rg-gw-web/providers/Microsoft.Network/loadBalancers/externallb/probes/chkp-probe",
            "protocol": "Tcp",
            "resource_group_name": "tf-rg-gw-web"
          },
          "private": "bnVsbA==",
          "dependencies": [
            "azurerm_lb.externallb",
            "azurerm_lb_backend_address_pool.bpepool",
            "azurerm_lb_probe.chkpprobe",
            "azurerm_public_ip.albvip1",
            "azurerm_resource_group.rg"
          ]
        }
      ]
    },
    {
      "mode": "managed",
      "type": "azurerm_lb_rule",
      "name": "internallbrule",
      "provider": "provider.azurerm",
      "instances": [
        {
          "schema_version": 0,
          "attributes": {
            "backend_address_pool_id": "/subscriptions/3531d89f-0690-48b5-914e-484cc056f721/resourceGroups/tf-rg-gw-web/providers/Microsoft.Network/loadBalancers/internallb/backendAddressPools/BackEndAddressPoolinternal",
            "backend_port": 0,
            "disable_outbound_snat": false,
            "enable_floating_ip": false,
            "enable_tcp_reset": false,
            "frontend_ip_configuration_id": "/subscriptions/3531d89f-0690-48b5-914e-484cc056f721/resourceGroups/tf-rg-gw-web/providers/Microsoft.Network/loadBalancers/internallb/frontendIPConfigurations/InternalLBipconfig",
            "frontend_ip_configuration_name": "InternalLBipconfig",
            "frontend_port": 0,
            "id": "/subscriptions/3531d89f-0690-48b5-914e-484cc056f721/resourceGroups/tf-rg-gw-web/providers/Microsoft.Network/loadBalancers/internallb/loadBalancingRules/ilbName",
            "idle_timeout_in_minutes": 4,
            "load_distribution": "Default",
            "loadbalancer_id": "/subscriptions/3531d89f-0690-48b5-914e-484cc056f721/resourceGroups/tf-rg-gw-web/providers/Microsoft.Network/loadBalancers/internallb",
            "location": null,
            "name": "ilbName",
            "probe_id": "/subscriptions/3531d89f-0690-48b5-914e-484cc056f721/resourceGroups/tf-rg-gw-web/providers/Microsoft.Network/loadBalancers/internallb/probes/chkp-probe-internal",
            "protocol": "All",
            "resource_group_name": "tf-rg-gw-web"
          },
          "private": "bnVsbA==",
          "dependencies": [
            "azurerm_lb.internallb",
            "azurerm_lb_backend_address_pool.bpepoolinternal",
            "azurerm_lb_probe.chkpprobei",
            "azurerm_resource_group.rg",
            "azurerm_subnet.Internal_subnet",
            "azurerm_virtual_network.vnet"
          ]
        }
      ]
    },
    {
      "mode": "managed",
      "type": "azurerm_marketplace_agreement",
      "name": "checkpoint",
      "provider": "provider.azurerm",
      "instances": [
        {
          "schema_version": 0,
          "attributes": {
            "id": "/subscriptions/3531d89f-0690-48b5-914e-484cc056f721/providers/Microsoft.MarketplaceOrdering/agreements/checkpoint/offers/check-point-cg-r8040/plans/sg-byol",
            "license_text_link": "https://storelegalterms.blob.core.windows.net/legalterms/3E5ED_legalterms_CHECKPOINT%253a24CHECK%253a2DPOINT%253a2DCG%253a2DR8040%253a24SG%253a2DBYOL%253a24YPVN7TH4EWLULYE77H3UF3MFINBRSEG67COAECK5FLVI73B664OASTS2ZU3LNNUFWZDPFMVW6XZPVUKNHG7FSRHXR26XYIF35F66EAA.txt",
            "offer": "check-point-cg-r8040",
            "plan": "sg-byol",
            "privacy_policy_link": "http://www.checkpoint.com/privacy",
            "publisher": "checkpoint"
          },
          "private": "bnVsbA=="
        }
      ]
    },
    {
      "mode": "managed",
      "type": "azurerm_monitor_autoscale_setting",
      "name": "scalesetrules",
      "provider": "provider.azurerm",
      "instances": [
        {
          "schema_version": 0,
          "attributes": {
            "enabled": true,
            "id": "/subscriptions/3531d89f-0690-48b5-914e-484cc056f721/resourceGroups/tf-rg-gw-web/providers/microsoft.insights/autoscalesettings/chkpAutoscaleSetting",
            "location": "australiaeast",
            "name": "chkpAutoscaleSetting",
            "notification": [
              {
                "email": [
                  {
                    "custom_emails": [
                      "youremail@here.com"
                    ],
                    "send_to_subscription_administrator": false,
                    "send_to_subscription_co_administrator": false
                  }
                ],
                "webhook": []
              }
            ],
            "profile": [
              {
                "capacity": [
                  {
                    "default": 2,
                    "maximum": 3,
                    "minimum": 2
                  }
                ],
                "fixed_date": [],
                "name": "defaultProfile",
                "recurrence": [],
                "rule": [
                  {
                    "metric_trigger": [
                      {
                        "metric_name": "Percentage CPU",
                        "metric_resource_id": "/subscriptions/3531d89f-0690-48b5-914e-484cc056f721/resourceGroups/tf-rg-gw-web/providers/Microsoft.Compute/virtualMachineScaleSets/chkpscaleset-1",
                        "operator": "GreaterThan",
                        "statistic": "Average",
                        "threshold": 80,
                        "time_aggregation": "Average",
                        "time_grain": "PT1M",
                        "time_window": "PT5M"
                      }
                    ],
                    "scale_action": [
                      {
                        "cooldown": "PT5M",
                        "direction": "Increase",
                        "type": "ChangeCount",
                        "value": 1
                      }
                    ]
                  },
                  {
                    "metric_trigger": [
                      {
                        "metric_name": "Percentage CPU",
                        "metric_resource_id": "/subscriptions/3531d89f-0690-48b5-914e-484cc056f721/resourceGroups/tf-rg-gw-web/providers/Microsoft.Compute/virtualMachineScaleSets/chkpscaleset-1",
                        "operator": "LessThan",
                        "statistic": "Average",
                        "threshold": 60,
                        "time_aggregation": "Average",
                        "time_grain": "PT1M",
                        "time_window": "PT5M"
                      }
                    ],
                    "scale_action": [
                      {
                        "cooldown": "PT5M",
                        "direction": "Decrease",
                        "type": "ChangeCount",
                        "value": 1
                      }
                    ]
                  }
                ]
              }
            ],
            "resource_group_name": "tf-rg-gw-web",
            "tags": {},
            "target_resource_id": "/subscriptions/3531d89f-0690-48b5-914e-484cc056f721/resourceGroups/tf-rg-gw-web/providers/Microsoft.Compute/virtualMachineScaleSets/chkpscaleset-1"
          },
          "private": "bnVsbA==",
          "dependencies": [
            "azurerm_lb.externallb",
            "azurerm_lb.internallb",
            "azurerm_lb_backend_address_pool.bpepool",
            "azurerm_lb_backend_address_pool.bpepoolinternal",
            "azurerm_marketplace_agreement.checkpoint",
            "azurerm_network_security_group.scalesetnsg",
            "azurerm_public_ip.albvip1",
            "azurerm_resource_group.rg",
            "azurerm_subnet.External_subnet",
            "azurerm_subnet.Internal_subnet",
            "azurerm_virtual_machine_scale_set.chkpscaleset",
            "azurerm_virtual_network.vnet"
          ]
        }
      ]
    },
    {
      "mode": "managed",
      "type": "azurerm_network_interface",
      "name": "ubuntuDMZ1",
      "provider": "provider.azurerm",
      "instances": [
        {
          "schema_version": 0,
          "attributes": {
            "applied_dns_servers": [],
            "dns_servers": [],
            "enable_accelerated_networking": false,
            "enable_ip_forwarding": false,
            "id": "/subscriptions/3531d89f-0690-48b5-914e-484cc056f721/resourceGroups/tf-rg-gw-web/providers/Microsoft.Network/networkInterfaces/ubuntuDMZ1",
            "internal_dns_name_label": "",
            "internal_fqdn": "",
            "ip_configuration": [
              {
                "application_gateway_backend_address_pools_ids": [],
                "application_security_group_ids": [],
                "load_balancer_backend_address_pools_ids": [],
                "load_balancer_inbound_nat_rules_ids": [],
                "name": "ubuntuDMZ1Configuration",
                "primary": true,
                "private_ip_address": "10.99.11.10",
                "private_ip_address_allocation": "static",
                "private_ip_address_version": "IPv4",
                "public_ip_address_id": "",
                "subnet_id": "/subscriptions/3531d89f-0690-48b5-914e-484cc056f721/resourceGroups/tf-rg-gw-web/providers/Microsoft.Network/virtualNetworks/Labvnet/subnets/DMZ1"
              }
            ],
            "location": "australiaeast",
            "mac_address": "",
            "name": "ubuntuDMZ1",
            "network_security_group_id": "",
            "private_ip_address": "10.99.11.10",
            "private_ip_addresses": [
              "10.99.11.10"
            ],
            "resource_group_name": "tf-rg-gw-web",
            "tags": {},
            "virtual_machine_id": null
          },
          "private": "bnVsbA==",
          "dependencies": [
            "azurerm_resource_group.rg",
            "azurerm_subnet.DMZ1_subnet",
            "azurerm_virtual_network.vnet"
          ]
        }
      ]
    },
    {
      "mode": "managed",
      "type": "azurerm_network_interface",
      "name": "ubuntuDMZ2",
      "provider": "provider.azurerm",
      "instances": [
        {
          "schema_version": 0,
          "attributes": {
            "applied_dns_servers": [],
            "dns_servers": [],
            "enable_accelerated_networking": false,
            "enable_ip_forwarding": false,
            "id": "/subscriptions/3531d89f-0690-48b5-914e-484cc056f721/resourceGroups/tf-rg-gw-web/providers/Microsoft.Network/networkInterfaces/ubuntuDMZ2",
            "internal_dns_name_label": "",
            "internal_fqdn": "",
            "ip_configuration": [
              {
                "application_gateway_backend_address_pools_ids": [],
                "application_security_group_ids": [],
                "load_balancer_backend_address_pools_ids": [],
                "load_balancer_inbound_nat_rules_ids": [],
                "name": "ubuntuDMZ2Configuration",
                "primary": true,
                "private_ip_address": "10.99.12.10",
                "private_ip_address_allocation": "static",
                "private_ip_address_version": "IPv4",
                "public_ip_address_id": "",
                "subnet_id": "/subscriptions/3531d89f-0690-48b5-914e-484cc056f721/resourceGroups/tf-rg-gw-web/providers/Microsoft.Network/virtualNetworks/Labvnet/subnets/DMZ2"
              }
            ],
            "location": "australiaeast",
            "mac_address": "",
            "name": "ubuntuDMZ2",
            "network_security_group_id": "",
            "private_ip_address": "10.99.12.10",
            "private_ip_addresses": [
              "10.99.12.10"
            ],
            "resource_group_name": "tf-rg-gw-web",
            "tags": {},
            "virtual_machine_id": null
          },
          "private": "bnVsbA==",
          "dependencies": [
            "azurerm_resource_group.rg",
            "azurerm_subnet.DMZ2_subnet",
            "azurerm_virtual_network.vnet"
          ]
        }
      ]
    },
    {
      "mode": "managed",
      "type": "azurerm_network_interface_backend_address_pool_association",
      "name": "backendwebserver_assoc1",
      "provider": "provider.azurerm",
      "instances": [
        {
          "schema_version": 0,
          "attributes": {
            "backend_address_pool_id": "/subscriptions/3531d89f-0690-48b5-914e-484cc056f721/resourceGroups/tf-rg-gw-web/providers/Microsoft.Network/loadBalancers/WebServerilb/backendAddressPools/BackEndAddressPoolWebservers",
            "id": "/subscriptions/3531d89f-0690-48b5-914e-484cc056f721/resourceGroups/tf-rg-gw-web/providers/Microsoft.Network/networkInterfaces/ubuntuDMZ1/ipConfigurations/ubuntuDMZ1Configuration|/subscriptions/3531d89f-0690-48b5-914e-484cc056f721/resourceGroups/tf-rg-gw-web/providers/Microsoft.Network/loadBalancers/WebServerilb/backendAddressPools/BackEndAddressPoolWebservers",
            "ip_configuration_name": "ubuntuDMZ1Configuration",
            "network_interface_id": "/subscriptions/3531d89f-0690-48b5-914e-484cc056f721/resourceGroups/tf-rg-gw-web/providers/Microsoft.Network/networkInterfaces/ubuntuDMZ1"
          },
          "private": "bnVsbA==",
          "dependencies": [
            "azurerm_lb.WebServerilb",
            "azurerm_lb_backend_address_pool.bpepoolwebserver",
            "azurerm_network_interface.ubuntuDMZ1",
            "azurerm_resource_group.rg",
            "azurerm_subnet.DMZ1_subnet",
            "azurerm_subnet.Internal_subnet",
            "azurerm_virtual_network.vnet"
          ]
        }
      ]
    },
    {
      "mode": "managed",
      "type": "azurerm_network_interface_backend_address_pool_association",
      "name": "backendwebserver_assoc2",
      "provider": "provider.azurerm",
      "instances": [
        {
          "schema_version": 0,
          "attributes": {
            "backend_address_pool_id": "/subscriptions/3531d89f-0690-48b5-914e-484cc056f721/resourceGroups/tf-rg-gw-web/providers/Microsoft.Network/loadBalancers/WebServerilb/backendAddressPools/BackEndAddressPoolWebservers",
            "id": "/subscriptions/3531d89f-0690-48b5-914e-484cc056f721/resourceGroups/tf-rg-gw-web/providers/Microsoft.Network/networkInterfaces/ubuntuDMZ2/ipConfigurations/ubuntuDMZ2Configuration|/subscriptions/3531d89f-0690-48b5-914e-484cc056f721/resourceGroups/tf-rg-gw-web/providers/Microsoft.Network/loadBalancers/WebServerilb/backendAddressPools/BackEndAddressPoolWebservers",
            "ip_configuration_name": "ubuntuDMZ2Configuration",
            "network_interface_id": "/subscriptions/3531d89f-0690-48b5-914e-484cc056f721/resourceGroups/tf-rg-gw-web/providers/Microsoft.Network/networkInterfaces/ubuntuDMZ2"
          },
          "private": "bnVsbA==",
          "dependencies": [
            "azurerm_lb.WebServerilb",
            "azurerm_lb_backend_address_pool.bpepoolwebserver",
            "azurerm_network_interface.ubuntuDMZ2",
            "azurerm_resource_group.rg",
            "azurerm_subnet.DMZ2_subnet",
            "azurerm_subnet.Internal_subnet",
            "azurerm_virtual_network.vnet"
          ]
        }
      ]
    },
    {
      "mode": "managed",
      "type": "azurerm_network_security_group",
      "name": "scalesetnsg",
      "provider": "provider.azurerm",
      "instances": [
        {
          "schema_version": 0,
          "attributes": {
            "id": "/subscriptions/3531d89f-0690-48b5-914e-484cc056f721/resourceGroups/tf-rg-gw-web/providers/Microsoft.Network/networkSecurityGroups/PermissiveSecurityGroup",
            "location": "australiaeast",
            "name": "PermissiveSecurityGroup",
            "resource_group_name": "tf-rg-gw-web",
            "security_rule": [
              {
                "access": "Allow",
                "description": "",
                "destination_address_prefix": "*",
                "destination_address_prefixes": [],
                "destination_application_security_group_ids": [],
                "destination_port_range": "*",
                "destination_port_ranges": [],
                "direction": "Inbound",
                "name": "Permissive",
                "priority": 100,
                "protocol": "*",
                "source_address_prefix": "*",
                "source_address_prefixes": [],
                "source_application_security_group_ids": [],
                "source_port_range": "*",
                "source_port_ranges": []
              }
            ],
            "tags": {}
          },
          "private": "bnVsbA==",
          "dependencies": [
            "azurerm_resource_group.rg"
          ]
        }
      ]
    },
    {
      "mode": "managed",
      "type": "azurerm_public_ip",
      "name": "albvip1",
      "provider": "provider.azurerm",
      "instances": [
        {
          "schema_version": 0,
          "attributes": {
            "allocation_method": "Static",
            "domain_name_label": null,
            "fqdn": null,
            "id": "/subscriptions/3531d89f-0690-48b5-914e-484cc056f721/resourceGroups/tf-rg-gw-web/providers/Microsoft.Network/publicIPAddresses/albvip1",
            "idle_timeout_in_minutes": 4,
            "ip_address": "20.53.81.197",
            "ip_version": "IPv4",
            "location": "australiaeast",
            "name": "albvip1",
            "public_ip_address_allocation": "Static",
            "public_ip_prefix_id": null,
            "resource_group_name": "tf-rg-gw-web",
            "reverse_fqdn": null,
            "sku": "Standard",
            "tags": {},
            "zones": null
          },
          "private": "bnVsbA==",
          "dependencies": [
            "azurerm_resource_group.rg"
          ]
        }
      ]
    },
    {
      "mode": "managed",
      "type": "azurerm_resource_group",
      "name": "rg",
      "provider": "provider.azurerm",
      "instances": [
        {
          "schema_version": 0,
          "attributes": {
            "id": "/subscriptions/3531d89f-0690-48b5-914e-484cc056f721/resourceGroups/tf-rg-gw-web",
            "location": "australiaeast",
            "name": "tf-rg-gw-web",
            "tags": {}
          },
          "private": "bnVsbA=="
        }
      ]
    },
    {
      "mode": "managed",
      "type": "azurerm_route_table",
      "name": "DMZ1RT",
      "provider": "provider.azurerm",
      "instances": [
        {
          "schema_version": 0,
          "attributes": {
            "disable_bgp_route_propagation": false,
            "id": "/subscriptions/3531d89f-0690-48b5-914e-484cc056f721/resourceGroups/tf-rg-gw-web/providers/Microsoft.Network/routeTables/DMZ1RT",
            "location": "australiaeast",
            "name": "DMZ1RT",
            "resource_group_name": "tf-rg-gw-web",
            "route": [
              {
                "address_prefix": "10.99.0.0/16",
                "name": "internal",
                "next_hop_in_ip_address": "",
                "next_hop_type": "VnetLocal"
              },
              {
                "address_prefix": "0.0.0.0/0",
                "name": "Internet",
                "next_hop_in_ip_address": "10.99.1.10",
                "next_hop_type": "VirtualAppliance"
              }
            ],
            "subnets": [],
            "tags": {}
          },
          "private": "bnVsbA==",
          "dependencies": [
            "azurerm_resource_group.rg"
          ]
        }
      ]
    },
    {
      "mode": "managed",
      "type": "azurerm_route_table",
      "name": "DMZ2RT",
      "provider": "provider.azurerm",
      "instances": [
        {
          "schema_version": 0,
          "attributes": {
            "disable_bgp_route_propagation": false,
            "id": "/subscriptions/3531d89f-0690-48b5-914e-484cc056f721/resourceGroups/tf-rg-gw-web/providers/Microsoft.Network/routeTables/DMZ2RT",
            "location": "australiaeast",
            "name": "DMZ2RT",
            "resource_group_name": "tf-rg-gw-web",
            "route": [
              {
                "address_prefix": "10.99.11.0/24",
                "name": "DMZ1",
                "next_hop_in_ip_address": "",
                "next_hop_type": "VnetLocal"
              },
              {
                "address_prefix": "10.99.12.0/24",
                "name": "DMZ2",
                "next_hop_in_ip_address": "",
                "next_hop_type": "VnetLocal"
              },
              {
                "address_prefix": "0.0.0.0/0",
                "name": "Internet",
                "next_hop_in_ip_address": "10.99.1.10",
                "next_hop_type": "VirtualAppliance"
              }
            ],
            "subnets": [],
            "tags": {}
          },
          "private": "bnVsbA==",
          "dependencies": [
            "azurerm_resource_group.rg"
          ]
        }
      ]
    },
    {
      "mode": "managed",
      "type": "azurerm_storage_account",
      "name": "mystorageaccount",
      "provider": "provider.azurerm",
      "instances": [
        {
          "schema_version": 2,
          "attributes": {
            "access_tier": "",
            "account_encryption_source": "Microsoft.Storage",
            "account_kind": "Storage",
            "account_replication_type": "LRS",
            "account_tier": "Standard",
            "account_type": "Standard_LRS",
            "blob_properties": [
              {
                "delete_retention_policy": []
              }
            ],
            "custom_domain": [],
            "enable_advanced_threat_protection": false,
            "enable_blob_encryption": true,
            "enable_file_encryption": true,
            "enable_https_traffic_only": false,
            "id": "/subscriptions/3531d89f-0690-48b5-914e-484cc056f721/resourceGroups/tf-rg-gw-web/providers/Microsoft.Storage/storageAccounts/diag53b94a8c4720e92f",
            "identity": [],
            "is_hns_enabled": false,
            "location": "australiaeast",
            "name": "diag53b94a8c4720e92f",
            "network_rules": [
              {
                "bypass": [
                  "AzureServices"
                ],
                "default_action": "Allow",
                "ip_rules": [],
                "virtual_network_subnet_ids": []
              }
            ],
            "primary_access_key": "iKQfLn/u8xXSUo9gLD8SROXs/E+Xo9XbSHOX2b9m6H9VJ63cNtZEfJA0xEhPcs/wLZ/kaI8TgNEkNFPeVk7Y4A==",
            "primary_blob_connection_string": "DefaultEndpointsProtocol=https;BlobEndpoint=https://diag53b94a8c4720e92f.blob.core.windows.net/;AccountName=diag53b94a8c4720e92f;AccountKey=iKQfLn/u8xXSUo9gLD8SROXs/E+Xo9XbSHOX2b9m6H9VJ63cNtZEfJA0xEhPcs/wLZ/kaI8TgNEkNFPeVk7Y4A==",
            "primary_blob_endpoint": "https://diag53b94a8c4720e92f.blob.core.windows.net/",
            "primary_blob_host": "diag53b94a8c4720e92f.blob.core.windows.net",
            "primary_connection_string": "DefaultEndpointsProtocol=https;AccountName=diag53b94a8c4720e92f;AccountKey=iKQfLn/u8xXSUo9gLD8SROXs/E+Xo9XbSHOX2b9m6H9VJ63cNtZEfJA0xEhPcs/wLZ/kaI8TgNEkNFPeVk7Y4A==;EndpointSuffix=core.windows.net",
            "primary_dfs_endpoint": "",
            "primary_dfs_host": "",
            "primary_file_endpoint": "https://diag53b94a8c4720e92f.file.core.windows.net/",
            "primary_file_host": "diag53b94a8c4720e92f.file.core.windows.net",
            "primary_location": "australiaeast",
            "primary_queue_endpoint": "https://diag53b94a8c4720e92f.queue.core.windows.net/",
            "primary_queue_host": "diag53b94a8c4720e92f.queue.core.windows.net",
            "primary_table_endpoint": "https://diag53b94a8c4720e92f.table.core.windows.net/",
            "primary_table_host": "diag53b94a8c4720e92f.table.core.windows.net",
            "primary_web_endpoint": "",
            "primary_web_host": "",
            "queue_properties": [
              {
                "cors_rule": [],
                "hour_metrics": [
                  {
                    "enabled": true,
                    "include_apis": true,
                    "retention_policy_days": 7,
                    "version": "1.0"
                  }
                ],
                "logging": [
                  {
                    "delete": false,
                    "read": false,
                    "retention_policy_days": 0,
                    "version": "1.0",
                    "write": false
                  }
                ],
                "minute_metrics": [
                  {
                    "enabled": false,
                    "include_apis": false,
                    "retention_policy_days": 0,
                    "version": "1.0"
                  }
                ]
              }
            ],
            "resource_group_name": "tf-rg-gw-web",
            "secondary_access_key": "DNHucLPBa+RoSWDCnY41n7nwfZn0I6W1zccYYg6vxxdx7HBnpIf5gOnoMtKhaSgcObJLaWjYNOK8cApHh46e2g==",
            "secondary_blob_connection_string": "",
            "secondary_blob_endpoint": null,
            "secondary_blob_host": null,
            "secondary_connection_string": "DefaultEndpointsProtocol=https;AccountName=diag53b94a8c4720e92f;AccountKey=DNHucLPBa+RoSWDCnY41n7nwfZn0I6W1zccYYg6vxxdx7HBnpIf5gOnoMtKhaSgcObJLaWjYNOK8cApHh46e2g==;EndpointSuffix=core.windows.net",
            "secondary_dfs_endpoint": null,
            "secondary_dfs_host": null,
            "secondary_file_endpoint": null,
            "secondary_file_host": null,
            "secondary_location": "",
            "secondary_queue_endpoint": null,
            "secondary_queue_host": null,
            "secondary_table_endpoint": null,
            "secondary_table_host": null,
            "secondary_web_endpoint": null,
            "secondary_web_host": null,
            "tags": {}
          },
          "private": "eyJzY2hlbWFfdmVyc2lvbiI6IjIifQ==",
          "dependencies": [
            "azurerm_resource_group.rg",
            "random_id.randomId"
          ]
        }
      ]
    },
    {
      "mode": "managed",
      "type": "azurerm_subnet",
      "name": "DMZ1_subnet",
      "provider": "provider.azurerm",
      "instances": [
        {
          "schema_version": 0,
          "attributes": {
            "address_prefix": "10.99.11.0/24",
            "delegation": [],
            "enforce_private_link_endpoint_network_policies": false,
            "enforce_private_link_service_network_policies": false,
            "id": "/subscriptions/3531d89f-0690-48b5-914e-484cc056f721/resourceGroups/tf-rg-gw-web/providers/Microsoft.Network/virtualNetworks/Labvnet/subnets/DMZ1",
            "ip_configurations": [],
            "name": "DMZ1",
            "network_security_group_id": "",
            "resource_group_name": "tf-rg-gw-web",
            "route_table_id": "",
            "service_endpoints": null,
            "virtual_network_name": "Labvnet"
          },
          "private": "bnVsbA==",
          "dependencies": [
            "azurerm_resource_group.rg",
            "azurerm_virtual_network.vnet"
          ]
        }
      ]
    },
    {
      "mode": "managed",
      "type": "azurerm_subnet",
      "name": "DMZ2_subnet",
      "provider": "provider.azurerm",
      "instances": [
        {
          "schema_version": 0,
          "attributes": {
            "address_prefix": "10.99.12.0/24",
            "delegation": [],
            "enforce_private_link_endpoint_network_policies": false,
            "enforce_private_link_service_network_policies": false,
            "id": "/subscriptions/3531d89f-0690-48b5-914e-484cc056f721/resourceGroups/tf-rg-gw-web/providers/Microsoft.Network/virtualNetworks/Labvnet/subnets/DMZ2",
            "ip_configurations": [],
            "name": "DMZ2",
            "network_security_group_id": "",
            "resource_group_name": "tf-rg-gw-web",
            "route_table_id": "",
            "service_endpoints": null,
            "virtual_network_name": "Labvnet"
          },
          "private": "bnVsbA==",
          "dependencies": [
            "azurerm_resource_group.rg",
            "azurerm_virtual_network.vnet"
          ]
        }
      ]
    },
    {
      "mode": "managed",
      "type": "azurerm_subnet",
      "name": "External_subnet",
      "provider": "provider.azurerm",
      "instances": [
        {
          "schema_version": 0,
          "attributes": {
            "address_prefix": "10.99.0.0/24",
            "delegation": [],
            "enforce_private_link_endpoint_network_policies": false,
            "enforce_private_link_service_network_policies": false,
            "id": "/subscriptions/3531d89f-0690-48b5-914e-484cc056f721/resourceGroups/tf-rg-gw-web/providers/Microsoft.Network/virtualNetworks/Labvnet/subnets/External",
            "ip_configurations": [],
            "name": "External",
            "network_security_group_id": "",
            "resource_group_name": "tf-rg-gw-web",
            "route_table_id": "",
            "service_endpoints": null,
            "virtual_network_name": "Labvnet"
          },
          "private": "bnVsbA==",
          "dependencies": [
            "azurerm_resource_group.rg",
            "azurerm_virtual_network.vnet"
          ]
        }
      ]
    },
    {
      "mode": "managed",
      "type": "azurerm_subnet",
      "name": "Internal_subnet",
      "provider": "provider.azurerm",
      "instances": [
        {
          "schema_version": 0,
          "attributes": {
            "address_prefix": "10.99.1.0/24",
            "delegation": [],
            "enforce_private_link_endpoint_network_policies": false,
            "enforce_private_link_service_network_policies": false,
            "id": "/subscriptions/3531d89f-0690-48b5-914e-484cc056f721/resourceGroups/tf-rg-gw-web/providers/Microsoft.Network/virtualNetworks/Labvnet/subnets/Internal",
            "ip_configurations": [],
            "name": "Internal",
            "network_security_group_id": "",
            "resource_group_name": "tf-rg-gw-web",
            "route_table_id": "",
            "service_endpoints": null,
            "virtual_network_name": "Labvnet"
          },
          "private": "bnVsbA==",
          "dependencies": [
            "azurerm_resource_group.rg",
            "azurerm_virtual_network.vnet"
          ]
        }
      ]
    },
    {
      "mode": "managed",
      "type": "azurerm_subnet_route_table_association",
      "name": "DMZ1_Subnet_Assoc",
      "provider": "provider.azurerm",
      "instances": [
        {
          "schema_version": 0,
          "attributes": {
            "id": "/subscriptions/3531d89f-0690-48b5-914e-484cc056f721/resourceGroups/tf-rg-gw-web/providers/Microsoft.Network/virtualNetworks/Labvnet/subnets/DMZ1",
            "route_table_id": "/subscriptions/3531d89f-0690-48b5-914e-484cc056f721/resourceGroups/tf-rg-gw-web/providers/Microsoft.Network/routeTables/DMZ1RT",
            "subnet_id": "/subscriptions/3531d89f-0690-48b5-914e-484cc056f721/resourceGroups/tf-rg-gw-web/providers/Microsoft.Network/virtualNetworks/Labvnet/subnets/DMZ1"
          },
          "private": "bnVsbA==",
          "dependencies": [
            "azurerm_resource_group.rg",
            "azurerm_route_table.DMZ1RT",
            "azurerm_subnet.DMZ1_subnet",
            "azurerm_virtual_network.vnet"
          ]
        }
      ]
    },
    {
      "mode": "managed",
      "type": "azurerm_subnet_route_table_association",
      "name": "DMZ2_Subnet_Assoc",
      "provider": "provider.azurerm",
      "instances": [
        {
          "schema_version": 0,
          "attributes": {
            "id": "/subscriptions/3531d89f-0690-48b5-914e-484cc056f721/resourceGroups/tf-rg-gw-web/providers/Microsoft.Network/virtualNetworks/Labvnet/subnets/DMZ2",
            "route_table_id": "/subscriptions/3531d89f-0690-48b5-914e-484cc056f721/resourceGroups/tf-rg-gw-web/providers/Microsoft.Network/routeTables/DMZ2RT",
            "subnet_id": "/subscriptions/3531d89f-0690-48b5-914e-484cc056f721/resourceGroups/tf-rg-gw-web/providers/Microsoft.Network/virtualNetworks/Labvnet/subnets/DMZ2"
          },
          "private": "bnVsbA==",
          "dependencies": [
            "azurerm_resource_group.rg",
            "azurerm_route_table.DMZ2RT",
            "azurerm_subnet.DMZ2_subnet",
            "azurerm_virtual_network.vnet"
          ]
        }
      ]
    },
    {
      "mode": "managed",
      "type": "azurerm_virtual_machine",
      "name": "ubuntudmz1",
      "provider": "provider.azurerm",
      "instances": [
        {
          "schema_version": 0,
          "attributes": {
            "additional_capabilities": [],
            "availability_set_id": "/subscriptions/3531d89f-0690-48b5-914e-484cc056f721/resourcegroups/tf-rg-gw-web/providers/microsoft.compute/availabilitysets/webserveravset",
            "boot_diagnostics": [
              {
                "enabled": true,
                "storage_uri": "https://diag53b94a8c4720e92f.blob.core.windows.net/"
              }
            ],
            "delete_data_disks_on_termination": false,
            "delete_os_disk_on_termination": false,
            "id": "/subscriptions/3531d89f-0690-48b5-914e-484cc056f721/resourceGroups/tf-rg-gw-web/providers/Microsoft.Compute/virtualMachines/ubuntudmz1",
            "identity": [],
            "license_type": null,
            "location": "australiaeast",
            "name": "ubuntudmz1",
            "network_interface_ids": [
              "/subscriptions/3531d89f-0690-48b5-914e-484cc056f721/resourceGroups/tf-rg-gw-web/providers/Microsoft.Network/networkInterfaces/ubuntuDMZ1"
            ],
            "os_profile": [
              {
                "admin_password": "Cpwins1!",
                "admin_username": "azureuser",
                "computer_name": "dmz1",
                "custom_data": "0354743b3c22991610bafea4d05aa1ca34b58bdb"
              }
            ],
            "os_profile_linux_config": [
              {
                "disable_password_authentication": false,
                "ssh_keys": []
              }
            ],
            "os_profile_secrets": [],
            "os_profile_windows_config": [],
            "plan": [],
            "primary_network_interface_id": null,
            "proximity_placement_group_id": null,
            "resource_group_name": "tf-rg-gw-web",
            "storage_data_disk": [],
            "storage_image_reference": [
              {
                "id": "",
                "offer": "UbuntuServer",
                "publisher": "Canonical",
                "sku": "16.04.0-LTS",
                "version": "latest"
              }
            ],
            "storage_os_disk": [
              {
                "caching": "ReadWrite",
                "create_option": "FromImage",
                "disk_size_gb": 30,
                "image_uri": "",
                "managed_disk_id": "/subscriptions/3531d89f-0690-48b5-914e-484cc056f721/resourceGroups/TF-RG-GW-WEB/providers/Microsoft.Compute/disks/ubuntudmz1disk",
                "managed_disk_type": "Standard_LRS",
                "name": "ubuntudmz1disk",
                "os_type": "Linux",
                "vhd_uri": "",
                "write_accelerator_enabled": false
              }
            ],
            "tags": {},
            "vm_size": "Standard_B1s",
            "zones": null
          },
          "private": "bnVsbA==",
          "dependencies": [
            "azurerm_availability_set.avset",
            "azurerm_network_interface.ubuntuDMZ1",
            "azurerm_resource_group.rg",
            "azurerm_storage_account.mystorageaccount",
            "azurerm_subnet.DMZ1_subnet",
            "azurerm_virtual_network.vnet",
            "random_id.randomId"
          ]
        }
      ]
    },
    {
      "mode": "managed",
      "type": "azurerm_virtual_machine",
      "name": "ubuntudmz2",
      "provider": "provider.azurerm",
      "instances": [
        {
          "schema_version": 0,
          "attributes": {
            "additional_capabilities": [],
            "availability_set_id": "/subscriptions/3531d89f-0690-48b5-914e-484cc056f721/resourcegroups/tf-rg-gw-web/providers/microsoft.compute/availabilitysets/webserveravset",
            "boot_diagnostics": [
              {
                "enabled": true,
                "storage_uri": "https://diag53b94a8c4720e92f.blob.core.windows.net/"
              }
            ],
            "delete_data_disks_on_termination": false,
            "delete_os_disk_on_termination": false,
            "id": "/subscriptions/3531d89f-0690-48b5-914e-484cc056f721/resourceGroups/tf-rg-gw-web/providers/Microsoft.Compute/virtualMachines/ubuntudmz2",
            "identity": [],
            "license_type": null,
            "location": "australiaeast",
            "name": "ubuntudmz2",
            "network_interface_ids": [
              "/subscriptions/3531d89f-0690-48b5-914e-484cc056f721/resourceGroups/tf-rg-gw-web/providers/Microsoft.Network/networkInterfaces/ubuntuDMZ2"
            ],
            "os_profile": [
              {
                "admin_password": "Cpwins1!",
                "admin_username": "azureuser",
                "computer_name": "dmz2",
                "custom_data": "0354743b3c22991610bafea4d05aa1ca34b58bdb"
              }
            ],
            "os_profile_linux_config": [
              {
                "disable_password_authentication": false,
                "ssh_keys": []
              }
            ],
            "os_profile_secrets": [],
            "os_profile_windows_config": [],
            "plan": [],
            "primary_network_interface_id": null,
            "proximity_placement_group_id": null,
            "resource_group_name": "tf-rg-gw-web",
            "storage_data_disk": [],
            "storage_image_reference": [
              {
                "id": "",
                "offer": "UbuntuServer",
                "publisher": "Canonical",
                "sku": "16.04.0-LTS",
                "version": "latest"
              }
            ],
            "storage_os_disk": [
              {
                "caching": "ReadWrite",
                "create_option": "FromImage",
                "disk_size_gb": 30,
                "image_uri": "",
                "managed_disk_id": "/subscriptions/3531d89f-0690-48b5-914e-484cc056f721/resourceGroups/TF-RG-GW-WEB/providers/Microsoft.Compute/disks/ubuntudmz2disk",
                "managed_disk_type": "Standard_LRS",
                "name": "ubuntudmz2disk",
                "os_type": "Linux",
                "vhd_uri": "",
                "write_accelerator_enabled": false
              }
            ],
            "tags": {},
            "vm_size": "Standard_B1s",
            "zones": null
          },
          "private": "bnVsbA==",
          "dependencies": [
            "azurerm_availability_set.avset",
            "azurerm_network_interface.ubuntuDMZ2",
            "azurerm_resource_group.rg",
            "azurerm_storage_account.mystorageaccount",
            "azurerm_subnet.DMZ2_subnet",
            "azurerm_virtual_network.vnet",
            "random_id.randomId"
          ]
        }
      ]
    },
    {
      "mode": "managed",
      "type": "azurerm_virtual_machine_scale_set",
      "name": "chkpscaleset",
      "provider": "provider.azurerm",
      "instances": [
        {
          "schema_version": 1,
          "attributes": {
            "automatic_os_upgrade": false,
            "boot_diagnostics": [],
            "eviction_policy": "",
            "extension": [],
            "health_probe_id": null,
            "id": "/subscriptions/3531d89f-0690-48b5-914e-484cc056f721/resourceGroups/tf-rg-gw-web/providers/Microsoft.Compute/virtualMachineScaleSets/chkpscaleset-1",
            "identity": [],
            "license_type": "",
            "location": "australiaeast",
            "name": "chkpscaleset-1",
            "network_profile": [
              {
                "accelerated_networking": false,
                "dns_settings": [
                  {
                    "dns_servers": []
                  }
                ],
                "ip_configuration": [
                  {
                    "application_gateway_backend_address_pool_ids": [],
                    "application_security_group_ids": [],
                    "load_balancer_backend_address_pool_ids": [
                      "/subscriptions/3531d89f-0690-48b5-914e-484cc056f721/resourceGroups/tf-rg-gw-web/providers/Microsoft.Network/loadBalancers/externallb/backendAddressPools/BackEndAddressPool"
                    ],
                    "load_balancer_inbound_nat_rules_ids": [],
                    "name": "TestIPConfiguration",
                    "primary": true,
                    "public_ip_address_configuration": [
                      {
                        "domain_name_label": "tf-rg-gw-web",
                        "idle_timeout": 30,
                        "name": "scalesetpublicconfig"
                      }
                    ],
                    "subnet_id": "/subscriptions/3531d89f-0690-48b5-914e-484cc056f721/resourceGroups/tf-rg-gw-web/providers/Microsoft.Network/virtualNetworks/Labvnet/subnets/External"
                  }
                ],
                "ip_forwarding": true,
                "name": "eth0",
                "network_security_group_id": "/subscriptions/3531d89f-0690-48b5-914e-484cc056f721/resourceGroups/tf-rg-gw-web/providers/Microsoft.Network/networkSecurityGroups/PermissiveSecurityGroup",
                "primary": true
              },
              {
                "accelerated_networking": false,
                "dns_settings": [
                  {
                    "dns_servers": []
                  }
                ],
                "ip_configuration": [
                  {
                    "application_gateway_backend_address_pool_ids": [],
                    "application_security_group_ids": [],
                    "load_balancer_backend_address_pool_ids": [
                      "/subscriptions/3531d89f-0690-48b5-914e-484cc056f721/resourceGroups/tf-rg-gw-web/providers/Microsoft.Network/loadBalancers/internallb/backendAddressPools/BackEndAddressPoolinternal"
                    ],
                    "load_balancer_inbound_nat_rules_ids": [],
                    "name": "TestIPConfiguration1",
                    "primary": true,
                    "public_ip_address_configuration": [],
                    "subnet_id": "/subscriptions/3531d89f-0690-48b5-914e-484cc056f721/resourceGroups/tf-rg-gw-web/providers/Microsoft.Network/virtualNetworks/Labvnet/subnets/Internal"
                  }
                ],
                "ip_forwarding": true,
                "name": "eth1",
                "network_security_group_id": "/subscriptions/3531d89f-0690-48b5-914e-484cc056f721/resourceGroups/tf-rg-gw-web/providers/Microsoft.Network/networkSecurityGroups/PermissiveSecurityGroup",
                "primary": false
              }
            ],
            "os_profile": [
              {
                "admin_password": "Cpwins1!",
                "admin_username": "chkpadmin",
                "computer_name_prefix": "chkpgw",
                "custom_data": "IyEvYmluL2Jhc2gKYmxpbmtfY29uZmlnIC1zICdnYXRld2F5X2NsdXN0ZXJfbWVtYmVyPWZhbHNlJmZ0d19zaWNfa2V5PXZwbjEyMzQ1JnVwbG9hZF9pbmZvPXRydWUmZG93bmxvYWRfaW5mbz10cnVlJwpFeHRBZGRyPSIkKGlwIGFkZHIgc2hvdyBkZXYgZXRoMCB8IGF3ayAiL2luZXQve3ByaW50IFwkMjsgZXhpdH0iIHwgY3V0IC1kIC8gLWYgMSkiCkludEFkZHI9IiQoaXAgYWRkciBzaG93IGRldiBldGgxIHwgYXdrICIvaW5ldC97cHJpbnQgXCQyOyBleGl0fSIgfCBjdXQgLWQgLyAtZiAxKSIKZHluYW1pY19vYmplY3RzIC1uIExvY2FsR2F0ZXdheUV4dGVybmFsIC1yICIkRXh0QWRkciIgIiRFeHRBZGRyIiAtYQpkeW5hbWljX29iamVjdHMgLW4gTG9jYWxHYXRld2F5SW50ZXJuYWwgLXIgIiRJbnRBZGRyIiAiJEludEFkZHIiIC1hCnNodXRkb3duIC1yIG5vdwo="
              }
            ],
            "os_profile_linux_config": [
              {
                "disable_password_authentication": false,
                "ssh_keys": []
              }
            ],
            "os_profile_secrets": [],
            "os_profile_windows_config": [],
            "overprovision": true,
            "plan": [
              {
                "name": "sg-byol",
                "product": "check-point-cg-r8040",
                "publisher": "checkpoint"
              }
            ],
            "priority": "",
            "proximity_placement_group_id": null,
            "resource_group_name": "tf-rg-gw-web",
            "rolling_upgrade_policy": [],
            "single_placement_group": true,
            "sku": [
              {
                "capacity": 2,
                "name": "Standard_D2_v2",
                "tier": "Standard"
              }
            ],
            "storage_profile_data_disk": [],
            "storage_profile_image_reference": [
              {
                "id": "",
                "offer": "check-point-cg-r8040",
                "publisher": "checkpoint",
                "sku": "sg-byol",
                "version": "latest"
              }
            ],
            "storage_profile_os_disk": [
              {
                "caching": "ReadWrite",
                "create_option": "FromImage",
                "image": "",
                "managed_disk_type": "Standard_LRS",
                "name": "",
                "os_type": "",
                "vhd_containers": []
              }
            ],
            "tags": {
              "x-chkp-anti-spoofing": "eth0:true,eth1:false",
              "x-chkp-ip-address": "public",
              "x-chkp-management": "r80dot40mgmt",
              "x-chkp-template": "Azure_VisualStudio_R80.40",
              "x-chkp-topology": "eth0:external,eth1:internal"
            },
            "upgrade_policy_mode": "Manual",
            "zones": null
          },
          "private": "eyJzY2hlbWFfdmVyc2lvbiI6IjEifQ==",
          "dependencies": [
            "azurerm_lb.externallb",
            "azurerm_lb.internallb",
            "azurerm_lb_backend_address_pool.bpepool",
            "azurerm_lb_backend_address_pool.bpepoolinternal",
            "azurerm_marketplace_agreement.checkpoint",
            "azurerm_network_security_group.scalesetnsg",
            "azurerm_public_ip.albvip1",
            "azurerm_resource_group.rg",
            "azurerm_subnet.External_subnet",
            "azurerm_subnet.Internal_subnet",
            "azurerm_virtual_network.vnet"
          ]
        }
      ]
    },
    {
      "mode": "managed",
      "type": "azurerm_virtual_network",
      "name": "vnet",
      "provider": "provider.azurerm",
      "instances": [
        {
          "schema_version": 0,
          "attributes": {
            "address_space": [
              "10.99.0.0/16"
            ],
            "ddos_protection_plan": [],
            "dns_servers": null,
            "id": "/subscriptions/3531d89f-0690-48b5-914e-484cc056f721/resourceGroups/tf-rg-gw-web/providers/Microsoft.Network/virtualNetworks/Labvnet",
            "location": "australiaeast",
            "name": "Labvnet",
            "resource_group_name": "tf-rg-gw-web",
            "subnet": [],
            "tags": {}
          },
          "private": "bnVsbA==",
          "dependencies": [
            "azurerm_resource_group.rg"
          ]
        }
      ]
    },
    {
      "mode": "managed",
      "type": "random_id",
      "name": "randomId",
      "provider": "provider.random",
      "instances": [
        {
          "schema_version": 0,
          "attributes": {
            "b64": "U7lKjEcg6S8",
            "b64_std": "U7lKjEcg6S8=",
            "b64_url": "U7lKjEcg6S8",
            "byte_length": 8,
            "dec": "6032935142188706095",
            "hex": "53b94a8c4720e92f",
            "id": "U7lKjEcg6S8",
            "keepers": {
              "resource_group": "tf-rg-gw-web"
            },
            "prefix": null
          },
          "private": "bnVsbA==",
          "dependencies": [
            "azurerm_resource_group.rg"
          ]
        }
      ]
    }
  ]
}
