{
  "version": 4,
  "terraform_version": "0.12.29",
  "serial": 50,
  "lineage": "b9439c33-07e0-365b-c9aa-2a02678480e1",
  "outputs": {
    "public_ip": {
      "value": "13.75.136.92",
      "type": "string"
    }
  },
  "resources": [
    {
      "mode": "managed",
      "type": "azurerm_marketplace_agreement",
      "name": "checkpoint",
      "provider": "provider.azurerm",
      "instances": [
        {
          "schema_version": 0,
          "attributes": {
            "id": "/subscriptions/9a484f3e-b9a6-44d6-908d-de2cd00e349e/providers/Microsoft.MarketplaceOrdering/agreements/checkpoint/offers/check-point-cg-r8040/plans/mgmt-byol",
            "license_text_link": "https://storelegalterms.blob.core.windows.net/legalterms/3E5ED_legalterms_CHECKPOINT%253a24CHECK%253a2DPOINT%253a2DCG%253a2DR8040%253a24MGMT%253a2DBYOL%253a24YPVN7TH4EWLULYE77H3UF3MFINBRSEG67COAECK5FLVI73B664OASTS2ZU3LNNUFWZDPFMVW6XZPVUKNHG7FSRHXR26XYIF35F66EAA.txt",
            "offer": "check-point-cg-r8040",
            "plan": "mgmt-byol",
            "privacy_policy_link": "http://www.checkpoint.com/privacy",
            "publisher": "checkpoint"
          },
          "private": "bnVsbA=="
        }
      ]
    },
    {
      "mode": "managed",
      "type": "azurerm_network_interface",
      "name": "mgmtexternal",
      "provider": "provider.azurerm",
      "instances": [
        {
          "schema_version": 0,
          "attributes": {
            "applied_dns_servers": [],
            "dns_servers": [],
            "enable_accelerated_networking": false,
            "enable_ip_forwarding": false,
            "id": "/subscriptions/9a484f3e-b9a6-44d6-908d-de2cd00e349e/resourceGroups/tf-rg-sms/providers/Microsoft.Network/networkInterfaces/r80dot40mgmt-eth0",
            "internal_dns_name_label": "",
            "internal_fqdn": "",
            "ip_configuration": [
              {
                "application_gateway_backend_address_pools_ids": [],
                "application_security_group_ids": [],
                "load_balancer_backend_address_pools_ids": [],
                "load_balancer_inbound_nat_rules_ids": [],
                "name": "mgmtexternalConfiguration",
                "primary": true,
                "private_ip_address": "10.0.0.4",
                "private_ip_address_allocation": "static",
                "private_ip_address_version": "IPv4",
                "public_ip_address_id": "/subscriptions/9a484f3e-b9a6-44d6-908d-de2cd00e349e/resourceGroups/tf-rg-sms/providers/Microsoft.Network/publicIPAddresses/r80dot40mgmt",
                "subnet_id": "/subscriptions/9a484f3e-b9a6-44d6-908d-de2cd00e349e/resourceGroups/tf-rg-sms/providers/Microsoft.Network/virtualNetworks/myVNET/subnets/Mgmt"
              }
            ],
            "location": "australiaeast",
            "mac_address": "",
            "name": "r80dot40mgmt-eth0",
            "network_security_group_id": "",
            "private_ip_address": "10.0.0.4",
            "private_ip_addresses": [
              "10.0.0.4"
            ],
            "resource_group_name": "tf-rg-sms",
            "tags": {},
            "virtual_machine_id": null
          },
          "private": "bnVsbA==",
          "dependencies": [
            "azurerm_public_ip.mgmtpublicip",
            "azurerm_resource_group.rg",
            "azurerm_subnet.Mgmt_subnet",
            "azurerm_virtual_network.vnet"
          ]
        }
      ]
    },
    {
      "mode": "managed",
      "type": "azurerm_public_ip",
      "name": "mgmtpublicip",
      "provider": "provider.azurerm",
      "instances": [
        {
          "schema_version": 0,
          "attributes": {
            "allocation_method": "Static",
            "domain_name_label": null,
            "fqdn": null,
            "id": "/subscriptions/9a484f3e-b9a6-44d6-908d-de2cd00e349e/resourceGroups/tf-rg-sms/providers/Microsoft.Network/publicIPAddresses/r80dot40mgmt",
            "idle_timeout_in_minutes": 4,
            "ip_address": "13.75.136.92",
            "ip_version": "IPv4",
            "location": "australiaeast",
            "name": "r80dot40mgmt",
            "public_ip_address_allocation": "Static",
            "public_ip_prefix_id": null,
            "resource_group_name": "tf-rg-sms",
            "reverse_fqdn": null,
            "sku": "Basic",
            "tags": {},
            "zones": null
          },
          "private": "bnVsbA==",
          "dependencies": [
            "azurerm_resource_group.rg"
          ]
        }
      ]
    },
    {
      "mode": "managed",
      "type": "azurerm_resource_group",
      "name": "rg",
      "provider": "provider.azurerm",
      "instances": [
        {
          "schema_version": 0,
          "attributes": {
            "id": "/subscriptions/9a484f3e-b9a6-44d6-908d-de2cd00e349e/resourceGroups/tf-rg-sms",
            "location": "australiaeast",
            "name": "tf-rg-sms",
            "tags": {}
          },
          "private": "bnVsbA=="
        }
      ]
    },
    {
      "mode": "managed",
      "type": "azurerm_storage_account",
      "name": "mystorageaccount",
      "provider": "provider.azurerm",
      "instances": [
        {
          "schema_version": 2,
          "attributes": {
            "access_tier": "",
            "account_encryption_source": "Microsoft.Storage",
            "account_kind": "Storage",
            "account_replication_type": "LRS",
            "account_tier": "Standard",
            "account_type": "Standard_LRS",
            "custom_domain": [],
            "enable_advanced_threat_protection": false,
            "enable_blob_encryption": true,
            "enable_file_encryption": true,
            "enable_https_traffic_only": false,
            "id": "/subscriptions/9a484f3e-b9a6-44d6-908d-de2cd00e349e/resourceGroups/tf-rg-sms/providers/Microsoft.Storage/storageAccounts/diag5bc286ffc58b43ff",
            "identity": [],
            "is_hns_enabled": false,
            "location": "australiaeast",
            "name": "diag5bc286ffc58b43ff",
            "network_rules": [],
            "primary_access_key": "XQbmIuRiVLC2Hu5DTMncXQetExWKMtJPHcNum1F2Dh4Zxtu1mv+NXjaIiDoIgUnC2gYQbvFuNohvBdHgGCBV2g==",
            "primary_blob_connection_string": "DefaultEndpointsProtocol=https;BlobEndpoint=https://diag5bc286ffc58b43ff.blob.core.windows.net/;AccountName=diag5bc286ffc58b43ff;AccountKey=XQbmIuRiVLC2Hu5DTMncXQetExWKMtJPHcNum1F2Dh4Zxtu1mv+NXjaIiDoIgUnC2gYQbvFuNohvBdHgGCBV2g==",
            "primary_blob_endpoint": "https://diag5bc286ffc58b43ff.blob.core.windows.net/",
            "primary_blob_host": "diag5bc286ffc58b43ff.blob.core.windows.net",
            "primary_connection_string": "DefaultEndpointsProtocol=https;AccountName=diag5bc286ffc58b43ff;AccountKey=XQbmIuRiVLC2Hu5DTMncXQetExWKMtJPHcNum1F2Dh4Zxtu1mv+NXjaIiDoIgUnC2gYQbvFuNohvBdHgGCBV2g==;EndpointSuffix=core.windows.net",
            "primary_dfs_endpoint": "",
            "primary_dfs_host": "",
            "primary_file_endpoint": "https://diag5bc286ffc58b43ff.file.core.windows.net/",
            "primary_file_host": "diag5bc286ffc58b43ff.file.core.windows.net",
            "primary_location": "australiaeast",
            "primary_queue_endpoint": "https://diag5bc286ffc58b43ff.queue.core.windows.net/",
            "primary_queue_host": "diag5bc286ffc58b43ff.queue.core.windows.net",
            "primary_table_endpoint": "https://diag5bc286ffc58b43ff.table.core.windows.net/",
            "primary_table_host": "diag5bc286ffc58b43ff.table.core.windows.net",
            "primary_web_endpoint": "",
            "primary_web_host": "",
            "queue_properties": [
              {
                "cors_rule": [],
                "hour_metrics": [
                  {
                    "enabled": true,
                    "include_apis": true,
                    "retention_policy_days": 7,
                    "version": "1.0"
                  }
                ],
                "logging": [
                  {
                    "delete": false,
                    "read": false,
                    "retention_policy_days": 0,
                    "version": "1.0",
                    "write": false
                  }
                ],
                "minute_metrics": [
                  {
                    "enabled": false,
                    "include_apis": false,
                    "retention_policy_days": 0,
                    "version": "1.0"
                  }
                ]
              }
            ],
            "resource_group_name": "tf-rg-sms",
            "secondary_access_key": "ZFBuTo9RkaFA0kExdbA2bN3eVITf6/33mLJsZoVN0w/EzCk2DYgGZgKd3AUGEkHweALe8ChKdanCyUkwnIjBIg==",
            "secondary_blob_connection_string": "",
            "secondary_blob_endpoint": null,
            "secondary_blob_host": null,
            "secondary_connection_string": "DefaultEndpointsProtocol=https;AccountName=diag5bc286ffc58b43ff;AccountKey=ZFBuTo9RkaFA0kExdbA2bN3eVITf6/33mLJsZoVN0w/EzCk2DYgGZgKd3AUGEkHweALe8ChKdanCyUkwnIjBIg==;EndpointSuffix=core.windows.net",
            "secondary_dfs_endpoint": null,
            "secondary_dfs_host": null,
            "secondary_file_endpoint": null,
            "secondary_file_host": null,
            "secondary_location": "",
            "secondary_queue_endpoint": null,
            "secondary_queue_host": null,
            "secondary_table_endpoint": null,
            "secondary_table_host": null,
            "secondary_web_endpoint": null,
            "secondary_web_host": null,
            "tags": {}
          },
          "private": "eyJzY2hlbWFfdmVyc2lvbiI6IjIifQ==",
          "dependencies": [
            "azurerm_resource_group.rg",
            "random_id.randomId"
          ]
        }
      ]
    },
    {
      "mode": "managed",
      "type": "azurerm_subnet",
      "name": "Mgmt_subnet",
      "provider": "provider.azurerm",
      "instances": [
        {
          "schema_version": 0,
          "attributes": {
            "address_prefix": "10.0.0.0/24",
            "delegation": [],
            "id": "/subscriptions/9a484f3e-b9a6-44d6-908d-de2cd00e349e/resourceGroups/tf-rg-sms/providers/Microsoft.Network/virtualNetworks/myVNET/subnets/Mgmt",
            "ip_configurations": [],
            "name": "Mgmt",
            "network_security_group_id": "",
            "resource_group_name": "tf-rg-sms",
            "route_table_id": "",
            "service_endpoints": null,
            "virtual_network_name": "myVNET"
          },
          "private": "bnVsbA==",
          "dependencies": [
            "azurerm_resource_group.rg",
            "azurerm_virtual_network.vnet"
          ]
        }
      ]
    },
    {
      "mode": "managed",
      "type": "azurerm_virtual_machine",
      "name": "chkpmgmt",
      "provider": "provider.azurerm",
      "instances": [
        {
          "schema_version": 0,
          "attributes": {
            "additional_capabilities": [],
            "availability_set_id": null,
            "boot_diagnostics": [
              {
                "enabled": true,
                "storage_uri": "https://diag5bc286ffc58b43ff.blob.core.windows.net/"
              }
            ],
            "delete_data_disks_on_termination": false,
            "delete_os_disk_on_termination": false,
            "id": "/subscriptions/9a484f3e-b9a6-44d6-908d-de2cd00e349e/resourceGroups/tf-rg-sms/providers/Microsoft.Compute/virtualMachines/r80dot40mgmt",
            "identity": [],
            "license_type": null,
            "location": "australiaeast",
            "name": "r80dot40mgmt",
            "network_interface_ids": [
              "/subscriptions/9a484f3e-b9a6-44d6-908d-de2cd00e349e/resourceGroups/tf-rg-sms/providers/Microsoft.Network/networkInterfaces/r80dot40mgmt-eth0"
            ],
            "os_profile": [
              {
                "admin_password": "VPN123vpn123!",
                "admin_username": "phil",
                "computer_name": "r80dot40mgmt",
                "custom_data": "694456cf2449f4987e2692df361958bb0473aba4"
              }
            ],
            "os_profile_linux_config": [
              {
                "disable_password_authentication": false,
                "ssh_keys": []
              }
            ],
            "os_profile_secrets": [],
            "os_profile_windows_config": [],
            "plan": [
              {
                "name": "mgmt-byol",
                "product": "check-point-cg-r8040",
                "publisher": "checkpoint"
              }
            ],
            "primary_network_interface_id": "/subscriptions/9a484f3e-b9a6-44d6-908d-de2cd00e349e/resourceGroups/tf-rg-sms/providers/Microsoft.Network/networkInterfaces/r80dot40mgmt-eth0",
            "proximity_placement_group_id": null,
            "resource_group_name": "tf-rg-sms",
            "storage_data_disk": [],
            "storage_image_reference": [
              {
                "id": "",
                "offer": "check-point-cg-r8040",
                "publisher": "checkpoint",
                "sku": "mgmt-byol",
                "version": "latest"
              }
            ],
            "storage_os_disk": [
              {
                "caching": "ReadWrite",
                "create_option": "FromImage",
                "disk_size_gb": 100,
                "image_uri": "",
                "managed_disk_id": "/subscriptions/9a484f3e-b9a6-44d6-908d-de2cd00e349e/resourceGroups/TF-RG-SMS/providers/Microsoft.Compute/disks/R80dot40OsDisk",
                "managed_disk_type": "Standard_LRS",
                "name": "R80dot40OsDisk",
                "os_type": "Linux",
                "vhd_uri": "",
                "write_accelerator_enabled": false
              }
            ],
            "tags": {},
            "vm_size": "Standard_D4s_v3",
            "zones": null
          },
          "private": "bnVsbA==",
          "dependencies": [
            "azurerm_marketplace_agreement.checkpoint",
            "azurerm_network_interface.mgmtexternal",
            "azurerm_public_ip.mgmtpublicip",
            "azurerm_resource_group.rg",
            "azurerm_storage_account.mystorageaccount",
            "azurerm_subnet.Mgmt_subnet",
            "azurerm_virtual_network.vnet",
            "random_id.randomId"
          ]
        }
      ]
    },
    {
      "mode": "managed",
      "type": "azurerm_virtual_network",
      "name": "vnet",
      "provider": "provider.azurerm",
      "instances": [
        {
          "schema_version": 0,
          "attributes": {
            "address_space": [
              "10.0.0.0/20"
            ],
            "ddos_protection_plan": [],
            "dns_servers": null,
            "id": "/subscriptions/9a484f3e-b9a6-44d6-908d-de2cd00e349e/resourceGroups/tf-rg-sms/providers/Microsoft.Network/virtualNetworks/myVNET",
            "location": "australiaeast",
            "name": "myVNET",
            "resource_group_name": "tf-rg-sms",
            "subnet": [],
            "tags": {}
          },
          "private": "bnVsbA==",
          "dependencies": [
            "azurerm_resource_group.rg"
          ]
        }
      ]
    },
    {
      "mode": "managed",
      "type": "random_id",
      "name": "randomId",
      "provider": "provider.random",
      "instances": [
        {
          "schema_version": 0,
          "attributes": {
            "b64": "W8KG_8WLQ_8",
            "b64_std": "W8KG/8WLQ/8=",
            "b64_url": "W8KG_8WLQ_8",
            "byte_length": 8,
            "dec": "6611995636022330367",
            "hex": "5bc286ffc58b43ff",
            "id": "W8KG_8WLQ_8",
            "keepers": {
              "resource_group": "tf-rg-sms"
            },
            "prefix": null
          },
          "private": "bnVsbA==",
          "dependencies": [
            "azurerm_resource_group.rg"
          ]
        }
      ]
    }
  ]
}
